
Microsoft Visual Studio Solution File, Format Version 12.00
# Visual Studio Version 17
VisualStudioVersion = 17.9.34723.18
MinimumVisualStudioVersion = 10.0.40219.1
Project("{FAE04EC0-301F-11D3-BF4B-00C04F79EFBC}") = "ExaminationSystemC42", "ExaminationSystemC42.csproj", "{11838AED-BE16-40CD-BB7D-3B549EA35251}"
EndProject
Global
	GlobalSection(SolutionConfigurationPlatforms) = preSolution
		Debug|Any CPU = Debug|Any CPU
		Release|Any CPU = Release|Any CPU
	EndGlobalSection
	GlobalSection(ProjectConfigurationPlatforms) = postSolution
		{11838AED-BE16-40CD-BB7D-3B549EA35251}.Debug|Any CPU.ActiveCfg = Debug|Any CPU
		{11838AED-BE16-40CD-BB7D-3B549EA35251}.Debug|Any CPU.Build.0 = Debug|Any CPU
		{11838AED-BE16-40CD-BB7D-3B549EA35251}.Release|Any CPU.ActiveCfg = Release|Any CPU
		{11838AED-BE16-40CD-BB7D-3B549EA35251}.Release|Any CPU.Build.0 = Release|Any CPU
	EndGlobalSection
	GlobalSection(SolutionProperties) = preSolution
		HideSolutionNode = FALSE
	EndGlobalSection
	GlobalSection(ExtensibilityGlobals) = postSolution
		SolutionGuid = {08D5597B-51F1-4060-946A-FE79459EDE75}
	EndGlobalSection
EndGlobal
